// !$*UTF8*$!
{
	archiveVersion = 1;
	classes = {
	};
	objectVersion = 52;
	objects = {

/* Begin PBXBuildFile section */
		23A3EBFE2680E0CD00A307E4 /* AppDelegate.swift in Sources */ = {isa = PBXBuildFile; fileRef = 23A3EBFD2680E0CD00A307E4 /* AppDelegate.swift */; };
		23A3EC002680E0CD00A307E4 /* SceneDelegate.swift in Sources */ = {isa = PBXBuildFile; fileRef = 23A3EBFF2680E0CD00A307E4 /* SceneDelegate.swift */; };
		23A3EC022680E0CD00A307E4 /* MoviesListViewController.swift in Sources */ = {isa = PBXBuildFile; fileRef = 23A3EC012680E0CD00A307E4 /* MoviesListViewController.swift */; };
		23A3EC072680E0D100A307E4 /* Assets.xcassets in Resources */ = {isa = PBXBuildFile; fileRef = 23A3EC062680E0D100A307E4 /* Assets.xcassets */; };
		23A3EC0A2680E0D100A307E4 /* LaunchScreen.storyboard in Resources */ = {isa = PBXBuildFile; fileRef = 23A3EC082680E0D100A307E4 /* LaunchScreen.storyboard */; };
		23A3EC152680E0D100A307E4 /* YoutubeGMBNTests.swift in Sources */ = {isa = PBXBuildFile; fileRef = 23A3EC142680E0D100A307E4 /* YoutubeGMBNTests.swift */; };
		23A3EC202680E0D100A307E4 /* YoutubeGMBNUITests.swift in Sources */ = {isa = PBXBuildFile; fileRef = 23A3EC1F2680E0D100A307E4 /* YoutubeGMBNUITests.swift */; };
		23A3EC8D2680E36000A307E4 /* GMBNNetworking.framework in Frameworks */ = {isa = PBXBuildFile; fileRef = 23A3EC852680E2FD00A307E4 /* GMBNNetworking.framework */; };
		23A3EC8E2680E36000A307E4 /* GMBNNetworking.framework in Embed Frameworks */ = {isa = PBXBuildFile; fileRef = 23A3EC852680E2FD00A307E4 /* GMBNNetworking.framework */; settings = {ATTRIBUTES = (CodeSignOnCopy, RemoveHeadersOnCopy, ); }; };
		23A3ECA02680E46700A307E4 /* RxTest in Frameworks */ = {isa = PBXBuildFile; productRef = 23A3EC9F2680E46700A307E4 /* RxTest */; };
		23A3ECA22680E46700A307E4 /* RxCocoa in Frameworks */ = {isa = PBXBuildFile; productRef = 23A3ECA12680E46700A307E4 /* RxCocoa */; };
		23A3ECA42680E46700A307E4 /* RxSwift in Frameworks */ = {isa = PBXBuildFile; productRef = 23A3ECA32680E46700A307E4 /* RxSwift */; };
		23A3ECC82680EDDE00A307E4 /* MoviesListViewModel.swift in Sources */ = {isa = PBXBuildFile; fileRef = 23A3ECC72680EDDE00A307E4 /* MoviesListViewModel.swift */; };
/* End PBXBuildFile section */

/* Begin PBXContainerItemProxy section */
		23A3EC112680E0D100A307E4 /* PBXContainerItemProxy */ = {
			isa = PBXContainerItemProxy;
			containerPortal = 23A3EBF22680E0CD00A307E4 /* Project object */;
			proxyType = 1;
			remoteGlobalIDString = 23A3EBF92680E0CD00A307E4;
			remoteInfo = YoutubeGMBN;
		};
		23A3EC1C2680E0D100A307E4 /* PBXContainerItemProxy */ = {
			isa = PBXContainerItemProxy;
			containerPortal = 23A3EBF22680E0CD00A307E4 /* Project object */;
			proxyType = 1;
			remoteGlobalIDString = 23A3EBF92680E0CD00A307E4;
			remoteInfo = YoutubeGMBN;
		};
		23A3EC842680E2FD00A307E4 /* PBXContainerItemProxy */ = {
			isa = PBXContainerItemProxy;
			containerPortal = 23A3EC7F2680E2FD00A307E4 /* GMBNNetworking.xcodeproj */;
			proxyType = 2;
			remoteGlobalIDString = 23A3EC652680E2D400A307E4;
			remoteInfo = GMBNNetworking;
		};
		23A3EC862680E2FD00A307E4 /* PBXContainerItemProxy */ = {
			isa = PBXContainerItemProxy;
			containerPortal = 23A3EC7F2680E2FD00A307E4 /* GMBNNetworking.xcodeproj */;
			proxyType = 2;
			remoteGlobalIDString = 23A3EC6E2680E2D400A307E4;
			remoteInfo = GMBNNetworkingTests;
		};
		23A3EC902680E37600A307E4 /* PBXContainerItemProxy */ = {
			isa = PBXContainerItemProxy;
			containerPortal = 23A3EC7F2680E2FD00A307E4 /* GMBNNetworking.xcodeproj */;
			proxyType = 1;
			remoteGlobalIDString = 23A3EC642680E2D400A307E4;
			remoteInfo = GMBNNetworking;
		};
/* End PBXContainerItemProxy section */

/* Begin PBXCopyFilesBuildPhase section */
		23A3EC8F2680E36000A307E4 /* Embed Frameworks */ = {
			isa = PBXCopyFilesBuildPhase;
			buildActionMask = 2147483647;
			dstPath = "";
			dstSubfolderSpec = 10;
			files = (
				23A3EC8E2680E36000A307E4 /* GMBNNetworking.framework in Embed Frameworks */,
			);
			name = "Embed Frameworks";
			runOnlyForDeploymentPostprocessing = 0;
		};
/* End PBXCopyFilesBuildPhase section */

/* Begin PBXFileReference section */
		23A3EBFA2680E0CD00A307E4 /* YoutubeGMBN.app */ = {isa = PBXFileReference; explicitFileType = wrapper.application; includeInIndex = 0; path = YoutubeGMBN.app; sourceTree = BUILT_PRODUCTS_DIR; };
		23A3EBFD2680E0CD00A307E4 /* AppDelegate.swift */ = {isa = PBXFileReference; lastKnownFileType = sourcecode.swift; path = AppDelegate.swift; sourceTree = "<group>"; };
		23A3EBFF2680E0CD00A307E4 /* SceneDelegate.swift */ = {isa = PBXFileReference; lastKnownFileType = sourcecode.swift; path = SceneDelegate.swift; sourceTree = "<group>"; };
		23A3EC012680E0CD00A307E4 /* MoviesListViewController.swift */ = {isa = PBXFileReference; lastKnownFileType = sourcecode.swift; path = MoviesListViewController.swift; sourceTree = "<group>"; };
		23A3EC062680E0D100A307E4 /* Assets.xcassets */ = {isa = PBXFileReference; lastKnownFileType = folder.assetcatalog; path = Assets.xcassets; sourceTree = "<group>"; };
		23A3EC092680E0D100A307E4 /* Base */ = {isa = PBXFileReference; lastKnownFileType = file.storyboard; name = Base; path = Base.lproj/LaunchScreen.storyboard; sourceTree = "<group>"; };
		23A3EC0B2680E0D100A307E4 /* Info.plist */ = {isa = PBXFileReference; lastKnownFileType = text.plist.xml; path = Info.plist; sourceTree = "<group>"; };
		23A3EC102680E0D100A307E4 /* YoutubeGMBNTests.xctest */ = {isa = PBXFileReference; explicitFileType = wrapper.cfbundle; includeInIndex = 0; path = YoutubeGMBNTests.xctest; sourceTree = BUILT_PRODUCTS_DIR; };
		23A3EC142680E0D100A307E4 /* YoutubeGMBNTests.swift */ = {isa = PBXFileReference; lastKnownFileType = sourcecode.swift; path = YoutubeGMBNTests.swift; sourceTree = "<group>"; };
		23A3EC162680E0D100A307E4 /* Info.plist */ = {isa = PBXFileReference; lastKnownFileType = text.plist.xml; path = Info.plist; sourceTree = "<group>"; };
		23A3EC1B2680E0D100A307E4 /* YoutubeGMBNUITests.xctest */ = {isa = PBXFileReference; explicitFileType = wrapper.cfbundle; includeInIndex = 0; path = YoutubeGMBNUITests.xctest; sourceTree = BUILT_PRODUCTS_DIR; };
		23A3EC1F2680E0D100A307E4 /* YoutubeGMBNUITests.swift */ = {isa = PBXFileReference; lastKnownFileType = sourcecode.swift; path = YoutubeGMBNUITests.swift; sourceTree = "<group>"; };
		23A3EC212680E0D100A307E4 /* Info.plist */ = {isa = PBXFileReference; lastKnownFileType = text.plist.xml; path = Info.plist; sourceTree = "<group>"; };
		23A3EC7F2680E2FD00A307E4 /* GMBNNetworking.xcodeproj */ = {isa = PBXFileReference; lastKnownFileType = "wrapper.pb-project"; name = GMBNNetworking.xcodeproj; path = ../GMBNNetworking/GMBNNetworking.xcodeproj; sourceTree = "<group>"; };
		23A3ECC72680EDDE00A307E4 /* MoviesListViewModel.swift */ = {isa = PBXFileReference; lastKnownFileType = sourcecode.swift; path = MoviesListViewModel.swift; sourceTree = "<group>"; };
/* End PBXFileReference section */

/* Begin PBXFrameworksBuildPhase section */
		23A3EBF72680E0CD00A307E4 /* Frameworks */ = {
			isa = PBXFrameworksBuildPhase;
			buildActionMask = 2147483647;
			files = (
				23A3ECA42680E46700A307E4 /* RxSwift in Frameworks */,
				23A3ECA22680E46700A307E4 /* RxCocoa in Frameworks */,
				23A3EC8D2680E36000A307E4 /* GMBNNetworking.framework in Frameworks */,
			);
			runOnlyForDeploymentPostprocessing = 0;
		};
		23A3EC0D2680E0D100A307E4 /* Frameworks */ = {
			isa = PBXFrameworksBuildPhase;
			buildActionMask = 2147483647;
			files = (
				23A3ECA02680E46700A307E4 /* RxTest in Frameworks */,
			);
			runOnlyForDeploymentPostprocessing = 0;
		};
		23A3EC182680E0D100A307E4 /* Frameworks */ = {
			isa = PBXFrameworksBuildPhase;
			buildActionMask = 2147483647;
			files = (
			);
			runOnlyForDeploymentPostprocessing = 0;
		};
/* End PBXFrameworksBuildPhase section */

/* Begin PBXGroup section */
		23A3EBF12680E0CD00A307E4 = {
			isa = PBXGroup;
			children = (
				23A3EC7F2680E2FD00A307E4 /* GMBNNetworking.xcodeproj */,
				23A3EBFC2680E0CD00A307E4 /* YoutubeGMBN */,
				23A3EC132680E0D100A307E4 /* YoutubeGMBNTests */,
				23A3EC1E2680E0D100A307E4 /* YoutubeGMBNUITests */,
				23A3EBFB2680E0CD00A307E4 /* Products */,
				23A3EC8C2680E36000A307E4 /* Frameworks */,
			);
			sourceTree = "<group>";
		};
		23A3EBFB2680E0CD00A307E4 /* Products */ = {
			isa = PBXGroup;
			children = (
				23A3EBFA2680E0CD00A307E4 /* YoutubeGMBN.app */,
				23A3EC102680E0D100A307E4 /* YoutubeGMBNTests.xctest */,
				23A3EC1B2680E0D100A307E4 /* YoutubeGMBNUITests.xctest */,
			);
			name = Products;
			sourceTree = "<group>";
		};
		23A3EBFC2680E0CD00A307E4 /* YoutubeGMBN */ = {
			isa = PBXGroup;
			children = (
				23A3ECBF2680ECEF00A307E4 /* Sources */,
				23A3ECC12680ECF600A307E4 /* Resources */,
			);
			path = YoutubeGMBN;
			sourceTree = "<group>";
		};
		23A3EC132680E0D100A307E4 /* YoutubeGMBNTests */ = {
			isa = PBXGroup;
			children = (
				23A3EC142680E0D100A307E4 /* YoutubeGMBNTests.swift */,
				23A3EC162680E0D100A307E4 /* Info.plist */,
			);
			path = YoutubeGMBNTests;
			sourceTree = "<group>";
		};
		23A3EC1E2680E0D100A307E4 /* YoutubeGMBNUITests */ = {
			isa = PBXGroup;
			children = (
				23A3EC1F2680E0D100A307E4 /* YoutubeGMBNUITests.swift */,
				23A3EC212680E0D100A307E4 /* Info.plist */,
			);
			path = YoutubeGMBNUITests;
			sourceTree = "<group>";
		};
		23A3EC802680E2FD00A307E4 /* Products */ = {
			isa = PBXGroup;
			children = (
				23A3EC852680E2FD00A307E4 /* GMBNNetworking.framework */,
				23A3EC872680E2FD00A307E4 /* GMBNNetworkingTests.xctest */,
			);
			name = Products;
			sourceTree = "<group>";
		};
		23A3EC8C2680E36000A307E4 /* Frameworks */ = {
			isa = PBXGroup;
			children = (
			);
			name = Frameworks;
			sourceTree = "<group>";
		};
		23A3ECBF2680ECEF00A307E4 /* Sources */ = {
			isa = PBXGroup;
			children = (
				23A3ECC32680ED0300A307E4 /* Scenes */,
				23A3ECC22680ECFD00A307E4 /* Core */,
			);
			path = Sources;
			sourceTree = "<group>";
		};
		23A3ECC12680ECF600A307E4 /* Resources */ = {
			isa = PBXGroup;
			children = (
				23A3EC062680E0D100A307E4 /* Assets.xcassets */,
				23A3EC082680E0D100A307E4 /* LaunchScreen.storyboard */,
				23A3EC0B2680E0D100A307E4 /* Info.plist */,
			);
			path = Resources;
			sourceTree = "<group>";
		};
		23A3ECC22680ECFD00A307E4 /* Core */ = {
			isa = PBXGroup;
			children = (
				23A3EBFD2680E0CD00A307E4 /* AppDelegate.swift */,
				23A3EBFF2680E0CD00A307E4 /* SceneDelegate.swift */,
			);
			path = Core;
			sourceTree = "<group>";
		};
		23A3ECC32680ED0300A307E4 /* Scenes */ = {
			isa = PBXGroup;
			children = (
				23A3ECC42680ED0C00A307E4 /* List */,
			);
			path = Scenes;
			sourceTree = "<group>";
		};
		23A3ECC42680ED0C00A307E4 /* List */ = {
			isa = PBXGroup;
			children = (
				23A3ECC62680ED7600A307E4 /* ViewModel */,
				23A3ECC52680ED7300A307E4 /* View */,
			);
			path = List;
			sourceTree = "<group>";
		};
		23A3ECC52680ED7300A307E4 /* View */ = {
			isa = PBXGroup;
			children = (
				23A3EC012680E0CD00A307E4 /* MoviesListViewController.swift */,
			);
			path = View;
			sourceTree = "<group>";
		};
		23A3ECC62680ED7600A307E4 /* ViewModel */ = {
			isa = PBXGroup;
			children = (
				23A3ECC72680EDDE00A307E4 /* MoviesListViewModel.swift */,
			);
			path = ViewModel;
			sourceTree = "<group>";
		};
/* End PBXGroup section */

/* Begin PBXNativeTarget section */
		23A3EBF92680E0CD00A307E4 /* YoutubeGMBN */ = {
			isa = PBXNativeTarget;
			buildConfigurationList = 23A3EC242680E0D100A307E4 /* Build configuration list for PBXNativeTarget "YoutubeGMBN" */;
			buildPhases = (
				23A3EBF62680E0CD00A307E4 /* Sources */,
				23A3EBF72680E0CD00A307E4 /* Frameworks */,
				23A3EBF82680E0CD00A307E4 /* Resources */,
				23A3EC8F2680E36000A307E4 /* Embed Frameworks */,
			);
			buildRules = (
			);
			dependencies = (
				23A3EC912680E37600A307E4 /* PBXTargetDependency */,
			);
			name = YoutubeGMBN;
			packageProductDependencies = (
				23A3ECA12680E46700A307E4 /* RxCocoa */,
				23A3ECA32680E46700A307E4 /* RxSwift */,
			);
			productName = YoutubeGMBN;
			productReference = 23A3EBFA2680E0CD00A307E4 /* YoutubeGMBN.app */;
			productType = "com.apple.product-type.application";
		};
		23A3EC0F2680E0D100A307E4 /* YoutubeGMBNTests */ = {
			isa = PBXNativeTarget;
			buildConfigurationList = 23A3EC272680E0D100A307E4 /* Build configuration list for PBXNativeTarget "YoutubeGMBNTests" */;
			buildPhases = (
				23A3EC0C2680E0D100A307E4 /* Sources */,
				23A3EC0D2680E0D100A307E4 /* Frameworks */,
				23A3EC0E2680E0D100A307E4 /* Resources */,
			);
			buildRules = (
			);
			dependencies = (
				23A3EC122680E0D100A307E4 /* PBXTargetDependency */,
			);
			name = YoutubeGMBNTests;
			packageProductDependencies = (
				23A3EC9F2680E46700A307E4 /* RxTest */,
			);
			productName = YoutubeGMBNTests;
			productReference = 23A3EC102680E0D100A307E4 /* YoutubeGMBNTests.xctest */;
			productType = "com.apple.product-type.bundle.unit-test";
		};
		23A3EC1A2680E0D100A307E4 /* YoutubeGMBNUITests */ = {
			isa = PBXNativeTarget;
			buildConfigurationList = 23A3EC2A2680E0D100A307E4 /* Build configuration list for PBXNativeTarget "YoutubeGMBNUITests" */;
			buildPhases = (
				23A3EC172680E0D100A307E4 /* Sources */,
				23A3EC182680E0D100A307E4 /* Frameworks */,
				23A3EC192680E0D100A307E4 /* Resources */,
			);
			buildRules = (
			);
			dependencies = (
				23A3EC1D2680E0D100A307E4 /* PBXTargetDependency */,
			);
			name = YoutubeGMBNUITests;
			productName = YoutubeGMBNUITests;
			productReference = 23A3EC1B2680E0D100A307E4 /* YoutubeGMBNUITests.xctest */;
			productType = "com.apple.product-type.bundle.ui-testing";
		};
/* End PBXNativeTarget section */

/* Begin PBXProject section */
		23A3EBF22680E0CD00A307E4 /* Project object */ = {
			isa = PBXProject;
			attributes = {
				LastSwiftUpdateCheck = 1250;
				LastUpgradeCheck = 1250;
				TargetAttributes = {
					23A3EBF92680E0CD00A307E4 = {
						CreatedOnToolsVersion = 12.5;
					};
					23A3EC0F2680E0D100A307E4 = {
						CreatedOnToolsVersion = 12.5;
						TestTargetID = 23A3EBF92680E0CD00A307E4;
					};
					23A3EC1A2680E0D100A307E4 = {
						CreatedOnToolsVersion = 12.5;
						TestTargetID = 23A3EBF92680E0CD00A307E4;
					};
				};
			};
			buildConfigurationList = 23A3EBF52680E0CD00A307E4 /* Build configuration list for PBXProject "YoutubeGMBN" */;
			compatibilityVersion = "Xcode 9.3";
			developmentRegion = en;
			hasScannedForEncodings = 0;
			knownRegions = (
				en,
				Base,
			);
			mainGroup = 23A3EBF12680E0CD00A307E4;
			packageReferences = (
				23A3EC9E2680E46700A307E4 /* XCRemoteSwiftPackageReference "RxSwift" */,
			);
			productRefGroup = 23A3EBFB2680E0CD00A307E4 /* Products */;
			projectDirPath = "";
			projectReferences = (
				{
					ProductGroup = 23A3EC802680E2FD00A307E4 /* Products */;
					ProjectRef = 23A3EC7F2680E2FD00A307E4 /* GMBNNetworking.xcodeproj */;
				},
			);
			projectRoot = "";
			targets = (
				23A3EBF92680E0CD00A307E4 /* YoutubeGMBN */,
				23A3EC0F2680E0D100A307E4 /* YoutubeGMBNTests */,
				23A3EC1A2680E0D100A307E4 /* YoutubeGMBNUITests */,
			);
		};
/* End PBXProject section */

/* Begin PBXReferenceProxy section */
		23A3EC852680E2FD00A307E4 /* GMBNNetworking.framework */ = {
			isa = PBXReferenceProxy;
			fileType = wrapper.framework;
			path = GMBNNetworking.framework;
			remoteRef = 23A3EC842680E2FD00A307E4 /* PBXContainerItemProxy */;
			sourceTree = BUILT_PRODUCTS_DIR;
		};
		23A3EC872680E2FD00A307E4 /* GMBNNetworkingTests.xctest */ = {
			isa = PBXReferenceProxy;
			fileType = wrapper.cfbundle;
			path = GMBNNetworkingTests.xctest;
			remoteRef = 23A3EC862680E2FD00A307E4 /* PBXContainerItemProxy */;
			sourceTree = BUILT_PRODUCTS_DIR;
		};
/* End PBXReferenceProxy section */

/* Begin PBXResourcesBuildPhase section */
		23A3EBF82680E0CD00A307E4 /* Resources */ = {
			isa = PBXResourcesBuildPhase;
			buildActionMask = 2147483647;
			files = (
				23A3EC0A2680E0D100A307E4 /* LaunchScreen.storyboard in Resources */,
				23A3EC072680E0D100A307E4 /* Assets.xcassets in Resources */,
			);
			runOnlyForDeploymentPostprocessing = 0;
		};
		23A3EC0E2680E0D100A307E4 /* Resources */ = {
			isa = PBXResourcesBuildPhase;
			buildActionMask = 2147483647;
			files = (
			);
			runOnlyForDeploymentPostprocessing = 0;
		};
		23A3EC192680E0D100A307E4 /* Resources */ = {
			isa = PBXResourcesBuildPhase;
			buildActionMask = 2147483647;
			files = (
			);
			runOnlyForDeploymentPostprocessing = 0;
		};
/* End PBXResourcesBuildPhase section */

/* Begin PBXSourcesBuildPhase section */
		23A3EBF62680E0CD00A307E4 /* Sources */ = {
			isa = PBXSourcesBuildPhase;
			buildActionMask = 2147483647;
			files = (
				23A3EC022680E0CD00A307E4 /* MoviesListViewController.swift in Sources */,
				23A3EBFE2680E0CD00A307E4 /* AppDelegate.swift in Sources */,
				23A3EC002680E0CD00A307E4 /* SceneDelegate.swift in Sources */,
				23A3ECC82680EDDE00A307E4 /* MoviesListViewModel.swift in Sources */,
			);
			runOnlyForDeploymentPostprocessing = 0;
		};
		23A3EC0C2680E0D100A307E4 /* Sources */ = {
			isa = PBXSourcesBuildPhase;
			buildActionMask = 2147483647;
			files = (
				23A3EC152680E0D100A307E4 /* YoutubeGMBNTests.swift in Sources */,
			);
			runOnlyForDeploymentPostprocessing = 0;
		};
		23A3EC172680E0D100A307E4 /* Sources */ = {
			isa = PBXSourcesBuildPhase;
			buildActionMask = 2147483647;
			files = (
				23A3EC202680E0D100A307E4 /* YoutubeGMBNUITests.swift in Sources */,
			);
			runOnlyForDeploymentPostprocessing = 0;
		};
/* End PBXSourcesBuildPhase section */

/* Begin PBXTargetDependency section */
		23A3EC122680E0D100A307E4 /* PBXTargetDependency */ = {
			isa = PBXTargetDependency;
			target = 23A3EBF92680E0CD00A307E4 /* YoutubeGMBN */;
			targetProxy = 23A3EC112680E0D100A307E4 /* PBXContainerItemProxy */;
		};
		23A3EC1D2680E0D100A307E4 /* PBXTargetDependency */ = {
			isa = PBXTargetDependency;
			target = 23A3EBF92680E0CD00A307E4 /* YoutubeGMBN */;
			targetProxy = 23A3EC1C2680E0D100A307E4 /* PBXContainerItemProxy */;
		};
		23A3EC912680E37600A307E4 /* PBXTargetDependency */ = {
			isa = PBXTargetDependency;
			name = GMBNNetworking;
			targetProxy = 23A3EC902680E37600A307E4 /* PBXContainerItemProxy */;
		};
/* End PBXTargetDependency section */

/* Begin PBXVariantGroup section */
		23A3EC082680E0D100A307E4 /* LaunchScreen.storyboard */ = {
			isa = PBXVariantGroup;
			children = (
				23A3EC092680E0D100A307E4 /* Base */,
			);
			name = LaunchScreen.storyboard;
			sourceTree = "<group>";
		};
/* End PBXVariantGroup section */

/* Begin XCBuildConfiguration section */
		23A3EC222680E0D100A307E4 /* Debug */ = {
			isa = XCBuildConfiguration;
			buildSettings = {
				ALWAYS_SEARCH_USER_PATHS = NO;
				CLANG_ANALYZER_NONNULL = YES;
				CLANG_ANALYZER_NUMBER_OBJECT_CONVERSION = YES_AGGRESSIVE;
				CLANG_CXX_LANGUAGE_STANDARD = "gnu++14";
				CLANG_CXX_LIBRARY = "libc++";
				CLANG_ENABLE_MODULES = YES;
				CLANG_ENABLE_OBJC_ARC = YES;
				CLANG_ENABLE_OBJC_WEAK = YES;
				CLANG_WARN_BLOCK_CAPTURE_AUTORELEASING = YES;
				CLANG_WARN_BOOL_CONVERSION = YES;
				CLANG_WARN_COMMA = YES;
				CLANG_WARN_CONSTANT_CONVERSION = YES;
				CLANG_WARN_DEPRECATED_OBJC_IMPLEMENTATIONS = YES;
				CLANG_WARN_DIRECT_OBJC_ISA_USAGE = YES_ERROR;
				CLANG_WARN_DOCUMENTATION_COMMENTS = YES;
				CLANG_WARN_EMPTY_BODY = YES;
				CLANG_WARN_ENUM_CONVERSION = YES;
				CLANG_WARN_INFINITE_RECURSION = YES;
				CLANG_WARN_INT_CONVERSION = YES;
				CLANG_WARN_NON_LITERAL_NULL_CONVERSION = YES;
				CLANG_WARN_OBJC_IMPLICIT_RETAIN_SELF = YES;
				CLANG_WARN_OBJC_LITERAL_CONVERSION = YES;
				CLANG_WARN_OBJC_ROOT_CLASS = YES_ERROR;
				CLANG_WARN_QUOTED_INCLUDE_IN_FRAMEWORK_HEADER = YES;
				CLANG_WARN_RANGE_LOOP_ANALYSIS = YES;
				CLANG_WARN_STRICT_PROTOTYPES = YES;
				CLANG_WARN_SUSPICIOUS_MOVE = YES;
				CLANG_WARN_UNGUARDED_AVAILABILITY = YES_AGGRESSIVE;
				CLANG_WARN_UNREACHABLE_CODE = YES;
				CLANG_WARN__DUPLICATE_METHOD_MATCH = YES;
				COPY_PHASE_STRIP = NO;
				DEBUG_INFORMATION_FORMAT = dwarf;
				ENABLE_STRICT_OBJC_MSGSEND = YES;
				ENABLE_TESTABILITY = YES;
				GCC_C_LANGUAGE_STANDARD = gnu11;
				GCC_DYNAMIC_NO_PIC = NO;
				GCC_NO_COMMON_BLOCKS = YES;
				GCC_OPTIMIZATION_LEVEL = 0;
				GCC_PREPROCESSOR_DEFINITIONS = (
					"DEBUG=1",
					"$(inherited)",
				);
				GCC_WARN_64_TO_32_BIT_CONVERSION = YES;
				GCC_WARN_ABOUT_RETURN_TYPE = YES_ERROR;
				GCC_WARN_UNDECLARED_SELECTOR = YES;
				GCC_WARN_UNINITIALIZED_AUTOS = YES_AGGRESSIVE;
				GCC_WARN_UNUSED_FUNCTION = YES;
				GCC_WARN_UNUSED_VARIABLE = YES;
				IPHONEOS_DEPLOYMENT_TARGET = 13.0;
				MTL_ENABLE_DEBUG_INFO = INCLUDE_SOURCE;
				MTL_FAST_MATH = YES;
				ONLY_ACTIVE_ARCH = YES;
				SDKROOT = iphoneos;
				SWIFT_ACTIVE_COMPILATION_CONDITIONS = DEBUG;
				SWIFT_OPTIMIZATION_LEVEL = "-Onone";
			};
			name = Debug;
		};
		23A3EC232680E0D100A307E4 /* Release */ = {
			isa = XCBuildConfiguration;
			buildSettings = {
				ALWAYS_SEARCH_USER_PATHS = NO;
				CLANG_ANALYZER_NONNULL = YES;
				CLANG_ANALYZER_NUMBER_OBJECT_CONVERSION = YES_AGGRESSIVE;
				CLANG_CXX_LANGUAGE_STANDARD = "gnu++14";
				CLANG_CXX_LIBRARY = "libc++";
				CLANG_ENABLE_MODULES = YES;
				CLANG_ENABLE_OBJC_ARC = YES;
				CLANG_ENABLE_OBJC_WEAK = YES;
				CLANG_WARN_BLOCK_CAPTURE_AUTORELEASING = YES;
				CLANG_WARN_BOOL_CONVERSION = YES;
				CLANG_WARN_COMMA = YES;
				CLANG_WARN_CONSTANT_CONVERSION = YES;
				CLANG_WARN_DEPRECATED_OBJC_IMPLEMENTATIONS = YES;
				CLANG_WARN_DIRECT_OBJC_ISA_USAGE = YES_ERROR;
				CLANG_WARN_DOCUMENTATION_COMMENTS = YES;
				CLANG_WARN_EMPTY_BODY = YES;
				CLANG_WARN_ENUM_CONVERSION = YES;
				CLANG_WARN_INFINITE_RECURSION = YES;
				CLANG_WARN_INT_CONVERSION = YES;
				CLANG_WARN_NON_LITERAL_NULL_CONVERSION = YES;
				CLANG_WARN_OBJC_IMPLICIT_RETAIN_SELF = YES;
				CLANG_WARN_OBJC_LITERAL_CONVERSION = YES;
				CLANG_WARN_OBJC_ROOT_CLASS = YES_ERROR;
				CLANG_WARN_QUOTED_INCLUDE_IN_FRAMEWORK_HEADER = YES;
				CLANG_WARN_RANGE_LOOP_ANALYSIS = YES;
				CLANG_WARN_STRICT_PROTOTYPES = YES;
				CLANG_WARN_SUSPICIOUS_MOVE = YES;
				CLANG_WARN_UNGUARDED_AVAILABILITY = YES_AGGRESSIVE;
				CLANG_WARN_UNREACHABLE_CODE = YES;
				CLANG_WARN__DUPLICATE_METHOD_MATCH = YES;
				COPY_PHASE_STRIP = NO;
				DEBUG_INFORMATION_FORMAT = "dwarf-with-dsym";
				ENABLE_NS_ASSERTIONS = NO;
				ENABLE_STRICT_OBJC_MSGSEND = YES;
				GCC_C_LANGUAGE_STANDARD = gnu11;
				GCC_NO_COMMON_BLOCKS = YES;
				GCC_WARN_64_TO_32_BIT_CONVERSION = YES;
				GCC_WARN_ABOUT_RETURN_TYPE = YES_ERROR;
				GCC_WARN_UNDECLARED_SELECTOR = YES;
				GCC_WARN_UNINITIALIZED_AUTOS = YES_AGGRESSIVE;
				GCC_WARN_UNUSED_FUNCTION = YES;
				GCC_WARN_UNUSED_VARIABLE = YES;
				IPHONEOS_DEPLOYMENT_TARGET = 13.0;
				MTL_ENABLE_DEBUG_INFO = NO;
				MTL_FAST_MATH = YES;
				SDKROOT = iphoneos;
				SWIFT_COMPILATION_MODE = wholemodule;
				SWIFT_OPTIMIZATION_LEVEL = "-O";
				VALIDATE_PRODUCT = YES;
			};
			name = Release;
		};
		23A3EC252680E0D100A307E4 /* Debug */ = {
			isa = XCBuildConfiguration;
			buildSettings = {
				ASSETCATALOG_COMPILER_APPICON_NAME = AppIcon;
				ASSETCATALOG_COMPILER_GLOBAL_ACCENT_COLOR_NAME = AccentColor;
				CODE_SIGN_STYLE = Automatic;
				DEVELOPMENT_TEAM = 3FMVQ97S47;
				INFOPLIST_FILE = YoutubeGMBN/Resources/Info.plist;
				IPHONEOS_DEPLOYMENT_TARGET = 13.0;
				LD_RUNPATH_SEARCH_PATHS = (
					"$(inherited)",
					"@executable_path/Frameworks",
				);
				PRODUCT_BUNDLE_IDENTIFIER = com.kryg.YoutubeGMBN;
				PRODUCT_NAME = "$(TARGET_NAME)";
				SWIFT_VERSION = 5.0;
				TARGETED_DEVICE_FAMILY = "1,2";
			};
			name = Debug;
		};
		23A3EC262680E0D100A307E4 /* Release */ = {
			isa = XCBuildConfiguration;
			buildSettings = {
				ASSETCATALOG_COMPILER_APPICON_NAME = AppIcon;
				ASSETCATALOG_COMPILER_GLOBAL_ACCENT_COLOR_NAME = AccentColor;
				CODE_SIGN_STYLE = Automatic;
				DEVELOPMENT_TEAM = 3FMVQ97S47;
				INFOPLIST_FILE = YoutubeGMBN/Resources/Info.plist;
				IPHONEOS_DEPLOYMENT_TARGET = 13.0;
				LD_RUNPATH_SEARCH_PATHS = (
					"$(inherited)",
					"@executable_path/Frameworks",
				);
				PRODUCT_BUNDLE_IDENTIFIER = com.kryg.YoutubeGMBN;
				PRODUCT_NAME = "$(TARGET_NAME)";
				SWIFT_VERSION = 5.0;
				TARGETED_DEVICE_FAMILY = "1,2";
			};
			name = Release;
		};
		23A3EC282680E0D100A307E4 /* Debug */ = {
			isa = XCBuildConfiguration;
			buildSettings = {
				ALWAYS_EMBED_SWIFT_STANDARD_LIBRARIES = YES;
				BUNDLE_LOADER = "$(TEST_HOST)";
				CODE_SIGN_STYLE = Automatic;
				DEVELOPMENT_TEAM = 3FMVQ97S47;
				INFOPLIST_FILE = YoutubeGMBNTests/Info.plist;
				IPHONEOS_DEPLOYMENT_TARGET = 14.5;
				LD_RUNPATH_SEARCH_PATHS = (
					"$(inherited)",
					"@executable_path/Frameworks",
					"@loader_path/Frameworks",
				);
				PRODUCT_BUNDLE_IDENTIFIER = com.kryg.YoutubeGMBNTests;
				PRODUCT_NAME = "$(TARGET_NAME)";
				SWIFT_VERSION = 5.0;
				TARGETED_DEVICE_FAMILY = "1,2";
				TEST_HOST = "$(BUILT_PRODUCTS_DIR)/YoutubeGMBN.app/YoutubeGMBN";
			};
			name = Debug;
		};
		23A3EC292680E0D100A307E4 /* Release */ = {
			isa = XCBuildConfiguration;
			buildSettings = {
				ALWAYS_EMBED_SWIFT_STANDARD_LIBRARIES = YES;
				BUNDLE_LOADER = "$(TEST_HOST)";
				CODE_SIGN_STYLE = Automatic;
				DEVELOPMENT_TEAM = 3FMVQ97S47;
				INFOPLIST_FILE = YoutubeGMBNTests/Info.plist;
				IPHONEOS_DEPLOYMENT_TARGET = 14.5;
				LD_RUNPATH_SEARCH_PATHS = (
					"$(inherited)",
					"@executable_path/Frameworks",
					"@loader_path/Frameworks",
				);
				PRODUCT_BUNDLE_IDENTIFIER = com.kryg.YoutubeGMBNTests;
				PRODUCT_NAME = "$(TARGET_NAME)";
				SWIFT_VERSION = 5.0;
				TARGETED_DEVICE_FAMILY = "1,2";
				TEST_HOST = "$(BUILT_PRODUCTS_DIR)/YoutubeGMBN.app/YoutubeGMBN";
			};
			name = Release;
		};
		23A3EC2B2680E0D100A307E4 /* Debug */ = {
			isa = XCBuildConfiguration;
			buildSettings = {
				ALWAYS_EMBED_SWIFT_STANDARD_LIBRARIES = YES;
				CODE_SIGN_STYLE = Automatic;
				DEVELOPMENT_TEAM = 3FMVQ97S47;
				INFOPLIST_FILE = YoutubeGMBNUITests/Info.plist;
				LD_RUNPATH_SEARCH_PATHS = (
					"$(inherited)",
					"@executable_path/Frameworks",
					"@loader_path/Frameworks",
				);
				PRODUCT_BUNDLE_IDENTIFIER = com.kryg.YoutubeGMBNUITests;
				PRODUCT_NAME = "$(TARGET_NAME)";
				SWIFT_VERSION = 5.0;
				TARGETED_DEVICE_FAMILY = "1,2";
				TEST_TARGET_NAME = YoutubeGMBN;
			};
			name = Debug;
		};
		23A3EC2C2680E0D100A307E4 /* Release */ = {
			isa = XCBuildConfiguration;
			buildSettings = {
				ALWAYS_EMBED_SWIFT_STANDARD_LIBRARIES = YES;
				CODE_SIGN_STYLE = Automatic;
				DEVELOPMENT_TEAM = 3FMVQ97S47;
				INFOPLIST_FILE = YoutubeGMBNUITests/Info.plist;
				LD_RUNPATH_SEARCH_PATHS = (
					"$(inherited)",
					"@executable_path/Frameworks",
					"@loader_path/Frameworks",
				);
				PRODUCT_BUNDLE_IDENTIFIER = com.kryg.YoutubeGMBNUITests;
				PRODUCT_NAME = "$(TARGET_NAME)";
				SWIFT_VERSION = 5.0;
				TARGETED_DEVICE_FAMILY = "1,2";
				TEST_TARGET_NAME = YoutubeGMBN;
			};
			name = Release;
		};
/* End XCBuildConfiguration section */

/* Begin XCConfigurationList section */
		23A3EBF52680E0CD00A307E4 /* Build configuration list for PBXProject "YoutubeGMBN" */ = {
			isa = XCConfigurationList;
			buildConfigurations = (
				23A3EC222680E0D100A307E4 /* Debug */,
				23A3EC232680E0D100A307E4 /* Release */,
			);
			defaultConfigurationIsVisible = 0;
			defaultConfigurationName = Release;
		};
		23A3EC242680E0D100A307E4 /* Build configuration list for PBXNativeTarget "YoutubeGMBN" */ = {
			isa = XCConfigurationList;
			buildConfigurations = (
				23A3EC252680E0D100A307E4 /* Debug */,
				23A3EC262680E0D100A307E4 /* Release */,
			);
			defaultConfigurationIsVisible = 0;
			defaultConfigurationName = Release;
		};
		23A3EC272680E0D100A307E4 /* Build configuration list for PBXNativeTarget "YoutubeGMBNTests" */ = {
			isa = XCConfigurationList;
			buildConfigurations = (
				23A3EC282680E0D100A307E4 /* Debug */,
				23A3EC292680E0D100A307E4 /* Release */,
			);
			defaultConfigurationIsVisible = 0;
			defaultConfigurationName = Release;
		};
		23A3EC2A2680E0D100A307E4 /* Build configuration list for PBXNativeTarget "YoutubeGMBNUITests" */ = {
			isa = XCConfigurationList;
			buildConfigurations = (
				23A3EC2B2680E0D100A307E4 /* Debug */,
				23A3EC2C2680E0D100A307E4 /* Release */,
			);
			defaultConfigurationIsVisible = 0;
			defaultConfigurationName = Release;
		};
/* End XCConfigurationList section */

/* Begin XCRemoteSwiftPackageReference section */
		23A3EC9E2680E46700A307E4 /* XCRemoteSwiftPackageReference "RxSwift" */ = {
			isa = XCRemoteSwiftPackageReference;
			repositoryURL = "https://github.com/ReactiveX/RxSwift";
			requirement = {
				kind = upToNextMajorVersion;
				minimumVersion = 5.1.2;
			};
		};
/* End XCRemoteSwiftPackageReference section */

/* Begin XCSwiftPackageProductDependency section */
		23A3EC9F2680E46700A307E4 /* RxTest */ = {
			isa = XCSwiftPackageProductDependency;
			package = 23A3EC9E2680E46700A307E4 /* XCRemoteSwiftPackageReference "RxSwift" */;
			productName = RxTest;
		};
		23A3ECA12680E46700A307E4 /* RxCocoa */ = {
			isa = XCSwiftPackageProductDependency;
			package = 23A3EC9E2680E46700A307E4 /* XCRemoteSwiftPackageReference "RxSwift" */;
			productName = RxCocoa;
		};
		23A3ECA32680E46700A307E4 /* RxSwift */ = {
			isa = XCSwiftPackageProductDependency;
			package = 23A3EC9E2680E46700A307E4 /* XCRemoteSwiftPackageReference "RxSwift" */;
			productName = RxSwift;
		};
/* End XCSwiftPackageProductDependency section */
	};
	rootObject = 23A3EBF22680E0CD00A307E4 /* Project object */;
}
